# Generated by pub
# See http://pub.dartlang.org/doc/glossary.html#lockfile
packages:
  analyzer_experimental:
    description: analyzer_experimental
    source: hosted
    version: "0.8.1+2"
  args:
    description: args
    source: hosted
    version: "0.8.1"
  asset_pack:
    description:
      ref: null
      resolved-ref: d535db44176eccb8519645f19d8b9bbb9b0c9853
      url: "https://github.com/johnmccutchan/asset_pack.git"
    source: git
    version: "0.6.2"
  barback:
    description: barback
    source: hosted
    version: "0.8.1"
  bot:
    description: bot
    source: hosted
    version: "0.24.0"
  bot_io:
    description: bot_io
    source: hosted
    version: "0.23.2"
  bot_web:
    description: bot_web
    source: hosted
    version: "0.20.6"
  browser:
    description: browser
    source: hosted
    version: "0.8.1"
  crypto:
    description: crypto
    source: hosted
    version: "0.8.1"
  csslib:
    description: csslib
    source: hosted
    version: "0.4.7+11"
  custom_element:
    description: custom_element
    source: hosted
    version: "0.8.1"
  dartemis:
    description: dartemis
    source: hosted
    version: "0.4.2"
  dartemis_toolbox:
    description:
      path: "/home/dwayne/dart/vdrones/../dartemis_toolbox"
      relative: true
    source: path
    version: "0.5.0-dev"
  game_loop:
    description:
      path: "/home/dwayne/dart/vdrones/../game_loop"
      relative: true
    source: path
    version: "0.9.0"
  glf:
    description:
      path: "/home/dwayne/dart/vdrones/../glf"
      relative: true
    source: path
    version: "0.1.0"
  hop:
    description: hop
    source: hosted
    version: "0.24.2"
  html5lib:
    description: html5lib
    source: hosted
    version: "0.4.4"
  js:
    description: js
    source: hosted
    version: "0.0.25"
  lawndart:
    description: lawndart
    source: hosted
    version: "0.6.1"
  logging:
    description: logging
    source: hosted
    version: "0.8.1"
  mdv:
    description: mdv
    source: hosted
    version: "0.8.1"
  meta:
    description: meta
    source: hosted
    version: "0.8.1"
  mutation_observer:
    description: mutation_observer
    source: hosted
    version: "0.8.1"
  observe:
    description: observe
    source: hosted
    version: "0.8.1"
  path:
    description: path
    source: hosted
    version: "0.8.1"
  pathos:
    description: pathos
    source: hosted
    version: "0.6.3+1"
  simple_audio:
    description:
      ref: null
      resolved-ref: a00e27966117c99ca7e6d70d733ad4a806521b1a
      url: "https://github.com/johnmccutchan/simpleaudio.git"
    source: git
    version: "0.9.0"
  source_maps:
    description: source_maps
    source: hosted
    version: "0.8.1"
  stack_trace:
    description: stack_trace
    source: hosted
    version: "0.8.1"
  unittest:
    description: unittest
    source: hosted
    version: "0.8.1"
  unmodifiable_collection:
    description: unmodifiable_collection
    source: hosted
    version: "0.8.1"
  vector_math:
    description: vector_math
    source: hosted
    version: "1.3.5"
  web_ui:
    description: web_ui
    source: hosted
    version: "0.4.22"
  widget:
    description:
      ref: null
      resolved-ref: "027e4c61335a088354d3c4e7c0c26b710056cd1e"
      url: "https://github.com/dart-lang/widget.dart"
    source: git
    version: "0.2.7"
