# Generated by pub
# See http://pub.dartlang.org/doc/glossary.html#lockfile
packages:
  analyzer:
    description: analyzer
    source: hosted
    version: "0.11.10"
  args:
    description: args
    source: hosted
    version: "0.9.0"
  asset_pack:
    description:
      ref: null
      resolved-ref: "395a2df365792ce37f117d84dd111ab60373c5ab"
      url: "https://github.com/johnmccutchan/asset_pack.git"
    source: git
    version: "0.6.2"
  bot:
    description: bot
    source: hosted
    version: "0.26.0+1"
  browser:
    description: browser
    source: hosted
    version: "0.10.0"
  collection:
    description: collection
    source: hosted
    version: "0.9.1"
  crypto:
    description: crypto
    source: hosted
    version: "0.9.0"
  dartemis:
    description: dartemis
    source: hosted
    version: "0.6.0"
  dartemis_toolbox:
    description:
      path: "../dartemis_toolbox"
      relative: true
    source: path
    version: "0.5.0-dev"
  event_bus:
    description: event_bus
    source: hosted
    version: "0.2.4"
  fixnum:
    description: fixnum
    source: hosted
    version: "0.9.0"
  game_loop:
    description:
      ref: davidB
      resolved-ref: "985899a1e0de19954c7e1efccce70b37e8db6247"
      url: "https://github.com/davidB/game_loop.git"
    source: git
    version: "0.9.2"
  glf:
    description:
      path: "../glf"
      relative: true
    source: path
    version: "0.2.0"
  google_games_v1_api:
    description: google_games_v1_api
    source: hosted
    version: "0.4.3"
  google_oauth2_client:
    description: google_oauth2_client
    source: hosted
    version: "0.3.4"
  google_plus_v1_api:
    description: google_plus_v1_api
    source: hosted
    version: "0.4.12"
  html_toolbox:
    description: html_toolbox
    source: hosted
    version: "0.2.0"
  http:
    description: http
    source: hosted
    version: "0.9.2+3"
  intl:
    description: intl
    source: hosted
    version: "0.9.7"
  js:
    description: js
    source: hosted
    version: "0.2.2"
  lawndart:
    description: lawndart
    source: hosted
    version: "0.6.5"
  logging:
    description: logging
    source: hosted
    version: "0.9.1+1"
  oauth2:
    description: oauth2
    source: hosted
    version: "0.9.1"
  path:
    description: path
    source: hosted
    version: "1.0.0"
  protobuf:
    description:
      ref: null
      resolved-ref: "189e4618bfea928ff1717d0c5028eb3d363c07c5"
      url: "https://github.com/dart-lang/dart-protobuf.git"
    source: git
    version: "0.3.3"
  simple_audio:
    description:
      ref: null
      resolved-ref: bdee14884fba1002bf18d2051445e7e7b46a1d4e
      url: "https://github.com/johnmccutchan/simpleaudio.git"
    source: git
    version: "0.9.0"
  stack_trace:
    description: stack_trace
    source: hosted
    version: "0.9.2"
  unittest:
    description: unittest
    source: hosted
    version: "0.10.0"
  unmodifiable_collection:
    description: unmodifiable_collection
    source: hosted
    version: "0.9.2+1"
  vector_math:
    description: vector_math
    source: hosted
    version: "1.4.3"
